// !$*UTF8*$!
{
	archiveVersion = 1;
	classes = {
	};
	objectVersion = 56;
	objects = {

/* Begin PBXBuildFile section */
		8A8EBBB12C93A394004708B5 /* ContactFeature.swift in Sources */ = {isa = PBXBuildFile; fileRef = 8A8EBBB02C93A394004708B5 /* ContactFeature.swift */; };
		8AA5462E2C9A30390085D34D /* AddContactFeature.swift in Sources */ = {isa = PBXBuildFile; fileRef = 8AA5462D2C9A30390085D34D /* AddContactFeature.swift */; };
		8AA546302C9A32370085D34D /* AddContactView.swift in Sources */ = {isa = PBXBuildFile; fileRef = 8AA5462F2C9A32370085D34D /* AddContactView.swift */; };
		8AEDAAC32C22DE8800485003 /* swiftui_tca_practiceTests.swift in Sources */ = {isa = PBXBuildFile; fileRef = 8AEDAAC22C22DE8800485003 /* swiftui_tca_practiceTests.swift */; };
		8AF41B5D2C1A571B00ADF011 /* swiftui_tca_practiceApp.swift in Sources */ = {isa = PBXBuildFile; fileRef = 8AF41B5C2C1A571B00ADF011 /* swiftui_tca_practiceApp.swift */; };
		8AF41B5F2C1A571B00ADF011 /* ContentView.swift in Sources */ = {isa = PBXBuildFile; fileRef = 8AF41B5E2C1A571B00ADF011 /* ContentView.swift */; };
		8AF41B612C1A571F00ADF011 /* Assets.xcassets in Resources */ = {isa = PBXBuildFile; fileRef = 8AF41B602C1A571F00ADF011 /* Assets.xcassets */; };
		8AF41B642C1A571F00ADF011 /* Preview Assets.xcassets in Resources */ = {isa = PBXBuildFile; fileRef = 8AF41B632C1A571F00ADF011 /* Preview Assets.xcassets */; };
		8AF41B6C2C1B9F5000ADF011 /* ComposableArchitecture in Frameworks */ = {isa = PBXBuildFile; productRef = 8AF41B6B2C1B9F5000ADF011 /* ComposableArchitecture */; };
/* End PBXBuildFile section */

/* Begin PBXContainerItemProxy section */
		8AEDAAC42C22DE8800485003 /* PBXContainerItemProxy */ = {
			isa = PBXContainerItemProxy;
			containerPortal = 8AF41B512C1A571B00ADF011 /* Project object */;
			proxyType = 1;
			remoteGlobalIDString = 8AF41B582C1A571B00ADF011;
			remoteInfo = swiftui_tca_practice;
		};
/* End PBXContainerItemProxy section */

/* Begin PBXFileReference section */
		8A8EBBB02C93A394004708B5 /* ContactFeature.swift */ = {isa = PBXFileReference; lastKnownFileType = sourcecode.swift; path = ContactFeature.swift; sourceTree = "<group>"; };
		8AA5462D2C9A30390085D34D /* AddContactFeature.swift */ = {isa = PBXFileReference; lastKnownFileType = sourcecode.swift; path = AddContactFeature.swift; sourceTree = "<group>"; };
		8AA5462F2C9A32370085D34D /* AddContactView.swift */ = {isa = PBXFileReference; lastKnownFileType = sourcecode.swift; path = AddContactView.swift; sourceTree = "<group>"; };
		8AEDAAC02C22DE8800485003 /* swiftui_tca_practiceTests.xctest */ = {isa = PBXFileReference; explicitFileType = wrapper.cfbundle; includeInIndex = 0; path = swiftui_tca_practiceTests.xctest; sourceTree = BUILT_PRODUCTS_DIR; };
		8AEDAAC22C22DE8800485003 /* swiftui_tca_practiceTests.swift */ = {isa = PBXFileReference; lastKnownFileType = sourcecode.swift; path = swiftui_tca_practiceTests.swift; sourceTree = "<group>"; };
		8AF41B592C1A571B00ADF011 /* swiftui_tca_practice.app */ = {isa = PBXFileReference; explicitFileType = wrapper.application; includeInIndex = 0; path = swiftui_tca_practice.app; sourceTree = BUILT_PRODUCTS_DIR; };
		8AF41B5C2C1A571B00ADF011 /* swiftui_tca_practiceApp.swift */ = {isa = PBXFileReference; lastKnownFileType = sourcecode.swift; path = swiftui_tca_practiceApp.swift; sourceTree = "<group>"; };
		8AF41B5E2C1A571B00ADF011 /* ContentView.swift */ = {isa = PBXFileReference; lastKnownFileType = sourcecode.swift; path = ContentView.swift; sourceTree = "<group>"; };
		8AF41B602C1A571F00ADF011 /* Assets.xcassets */ = {isa = PBXFileReference; lastKnownFileType = folder.assetcatalog; path = Assets.xcassets; sourceTree = "<group>"; };
		8AF41B632C1A571F00ADF011 /* Preview Assets.xcassets */ = {isa = PBXFileReference; lastKnownFileType = folder.assetcatalog; path = "Preview Assets.xcassets"; sourceTree = "<group>"; };
		8AF41B6D2C22340800ADF011 /* swiftui-tca-practice-Info.plist */ = {isa = PBXFileReference; lastKnownFileType = text.plist; path = "swiftui-tca-practice-Info.plist"; sourceTree = SOURCE_ROOT; };
/* End PBXFileReference section */

/* Begin PBXFrameworksBuildPhase section */
		8AEDAABD2C22DE8800485003 /* Frameworks */ = {
			isa = PBXFrameworksBuildPhase;
			buildActionMask = 2147483647;
			files = (
			);
			runOnlyForDeploymentPostprocessing = 0;
		};
		8AF41B562C1A571B00ADF011 /* Frameworks */ = {
			isa = PBXFrameworksBuildPhase;
			buildActionMask = 2147483647;
			files = (
				8AF41B6C2C1B9F5000ADF011 /* ComposableArchitecture in Frameworks */,
			);
			runOnlyForDeploymentPostprocessing = 0;
		};
/* End PBXFrameworksBuildPhase section */

/* Begin PBXGroup section */
		8AEDAAC12C22DE8800485003 /* swiftui_tca_practiceTests */ = {
			isa = PBXGroup;
			children = (
				8AEDAAC22C22DE8800485003 /* swiftui_tca_practiceTests.swift */,
			);
			path = swiftui_tca_practiceTests;
			sourceTree = "<group>";
		};
		8AF41B502C1A571B00ADF011 = {
			isa = PBXGroup;
			children = (
				8AF41B5B2C1A571B00ADF011 /* swiftui_tca_practice */,
				8AEDAAC12C22DE8800485003 /* swiftui_tca_practiceTests */,
				8AF41B5A2C1A571B00ADF011 /* Products */,
			);
			sourceTree = "<group>";
		};
		8AF41B5A2C1A571B00ADF011 /* Products */ = {
			isa = PBXGroup;
			children = (
				8AF41B592C1A571B00ADF011 /* swiftui_tca_practice.app */,
				8AEDAAC02C22DE8800485003 /* swiftui_tca_practiceTests.xctest */,
			);
			name = Products;
			sourceTree = "<group>";
		};
		8AF41B5B2C1A571B00ADF011 /* swiftui_tca_practice */ = {
			isa = PBXGroup;
			children = (
				8AF41B6D2C22340800ADF011 /* swiftui-tca-practice-Info.plist */,
				8AF41B5C2C1A571B00ADF011 /* swiftui_tca_practiceApp.swift */,
				8AF41B5E2C1A571B00ADF011 /* ContentView.swift */,
				8A8EBBB02C93A394004708B5 /* ContactFeature.swift */,
				8AA5462D2C9A30390085D34D /* AddContactFeature.swift */,
				8AA5462F2C9A32370085D34D /* AddContactView.swift */,
				8AF41B602C1A571F00ADF011 /* Assets.xcassets */,
				8AF41B622C1A571F00ADF011 /* Preview Content */,
			);
			path = swiftui_tca_practice;
			sourceTree = "<group>";
		};
		8AF41B622C1A571F00ADF011 /* Preview Content */ = {
			isa = PBXGroup;
			children = (
				8AF41B632C1A571F00ADF011 /* Preview Assets.xcassets */,
			);
			path = "Preview Content";
			sourceTree = "<group>";
		};
/* End PBXGroup section */

/* Begin PBXNativeTarget section */
		8AEDAABF2C22DE8800485003 /* swiftui_tca_practiceTests */ = {
			isa = PBXNativeTarget;
			buildConfigurationList = 8AEDAAC62C22DE8800485003 /* Build configuration list for PBXNativeTarget "swiftui_tca_practiceTests" */;
			buildPhases = (
				8AEDAABC2C22DE8800485003 /* Sources */,
				8AEDAABD2C22DE8800485003 /* Frameworks */,
				8AEDAABE2C22DE8800485003 /* Resources */,
			);
			buildRules = (
			);
			dependencies = (
				8AEDAAC52C22DE8800485003 /* PBXTargetDependency */,
			);
			name = swiftui_tca_practiceTests;
			productName = swiftui_tca_practiceTests;
			productReference = 8AEDAAC02C22DE8800485003 /* swiftui_tca_practiceTests.xctest */;
			productType = "com.apple.product-type.bundle.unit-test";
		};
		8AF41B582C1A571B00ADF011 /* swiftui_tca_practice */ = {
			isa = PBXNativeTarget;
			buildConfigurationList = 8AF41B672C1A571F00ADF011 /* Build configuration list for PBXNativeTarget "swiftui_tca_practice" */;
			buildPhases = (
				8AF41B552C1A571B00ADF011 /* Sources */,
				8AF41B562C1A571B00ADF011 /* Frameworks */,
				8AF41B572C1A571B00ADF011 /* Resources */,
			);
			buildRules = (
			);
			dependencies = (
			);
			name = swiftui_tca_practice;
			packageProductDependencies = (
				8AF41B6B2C1B9F5000ADF011 /* ComposableArchitecture */,
			);
			productName = swiftui_tca_practice;
			productReference = 8AF41B592C1A571B00ADF011 /* swiftui_tca_practice.app */;
			productType = "com.apple.product-type.application";
		};
/* End PBXNativeTarget section */

/* Begin PBXProject section */
		8AF41B512C1A571B00ADF011 /* Project object */ = {
			isa = PBXProject;
			attributes = {
				BuildIndependentTargetsInParallel = 1;
				LastSwiftUpdateCheck = 1500;
				LastUpgradeCheck = 1500;
				TargetAttributes = {
					8AEDAABF2C22DE8800485003 = {
						CreatedOnToolsVersion = 15.0.1;
						TestTargetID = 8AF41B582C1A571B00ADF011;
					};
					8AF41B582C1A571B00ADF011 = {
						CreatedOnToolsVersion = 15.0.1;
					};
				};
			};
			buildConfigurationList = 8AF41B542C1A571B00ADF011 /* Build configuration list for PBXProject "swiftui_tca_practice" */;
			compatibilityVersion = "Xcode 14.0";
			developmentRegion = en;
			hasScannedForEncodings = 0;
			knownRegions = (
				en,
				Base,
			);
			mainGroup = 8AF41B502C1A571B00ADF011;
			packageReferences = (
				8AF41B6A2C1B9F5000ADF011 /* XCRemoteSwiftPackageReference "swift-composable-architecture" */,
			);
			productRefGroup = 8AF41B5A2C1A571B00ADF011 /* Products */;
			projectDirPath = "";
			projectRoot = "";
			targets = (
				8AF41B582C1A571B00ADF011 /* swiftui_tca_practice */,
				8AEDAABF2C22DE8800485003 /* swiftui_tca_practiceTests */,
			);
		};
/* End PBXProject section */

/* Begin PBXResourcesBuildPhase section */
		8AEDAABE2C22DE8800485003 /* Resources */ = {
			isa = PBXResourcesBuildPhase;
			buildActionMask = 2147483647;
			files = (
			);
			runOnlyForDeploymentPostprocessing = 0;
		};
		8AF41B572C1A571B00ADF011 /* Resources */ = {
			isa = PBXResourcesBuildPhase;
			buildActionMask = 2147483647;
			files = (
				8AF41B642C1A571F00ADF011 /* Preview Assets.xcassets in Resources */,
				8AF41B612C1A571F00ADF011 /* Assets.xcassets in Resources */,
			);
			runOnlyForDeploymentPostprocessing = 0;
		};
/* End PBXResourcesBuildPhase section */

/* Begin PBXSourcesBuildPhase section */
		8AEDAABC2C22DE8800485003 /* Sources */ = {
			isa = PBXSourcesBuildPhase;
			buildActionMask = 2147483647;
			files = (
				8AEDAAC32C22DE8800485003 /* swiftui_tca_practiceTests.swift in Sources */,
			);
			runOnlyForDeploymentPostprocessing = 0;
		};
		8AF41B552C1A571B00ADF011 /* Sources */ = {
			isa = PBXSourcesBuildPhase;
			buildActionMask = 2147483647;
			files = (
				8AF41B5F2C1A571B00ADF011 /* ContentView.swift in Sources */,
				8AA546302C9A32370085D34D /* AddContactView.swift in Sources */,
				8AA5462E2C9A30390085D34D /* AddContactFeature.swift in Sources */,
				8AF41B5D2C1A571B00ADF011 /* swiftui_tca_practiceApp.swift in Sources */,
				8A8EBBB12C93A394004708B5 /* ContactFeature.swift in Sources */,
			);
			runOnlyForDeploymentPostprocessing = 0;
		};
/* End PBXSourcesBuildPhase section */

/* Begin PBXTargetDependency section */
		8AEDAAC52C22DE8800485003 /* PBXTargetDependency */ = {
			isa = PBXTargetDependency;
			target = 8AF41B582C1A571B00ADF011 /* swiftui_tca_practice */;
			targetProxy = 8AEDAAC42C22DE8800485003 /* PBXContainerItemProxy */;
		};
/* End PBXTargetDependency section */

/* Begin XCBuildConfiguration section */
		8AEDAAC72C22DE8800485003 /* Debug */ = {
			isa = XCBuildConfiguration;
			buildSettings = {
				BUNDLE_LOADER = "$(TEST_HOST)";
				CODE_SIGN_STYLE = Automatic;
				CURRENT_PROJECT_VERSION = 1;
				DEVELOPMENT_TEAM = 827H72CABH;
				GENERATE_INFOPLIST_FILE = YES;
				IPHONEOS_DEPLOYMENT_TARGET = 17.5;
				MARKETING_VERSION = 1.0;
				PRODUCT_BUNDLE_IDENTIFIER = "com.koichi.swiftui-tca-practiceTests";
				PRODUCT_NAME = "$(TARGET_NAME)";
				SWIFT_EMIT_LOC_STRINGS = NO;
				SWIFT_VERSION = 5.0;
				TARGETED_DEVICE_FAMILY = "1,2";
				TEST_HOST = "$(BUILT_PRODUCTS_DIR)/swiftui_tca_practice.app/$(BUNDLE_EXECUTABLE_FOLDER_PATH)/swiftui_tca_practice";
			};
			name = Debug;
		};
		8AEDAAC82C22DE8800485003 /* Release */ = {
			isa = XCBuildConfiguration;
			buildSettings = {
				BUNDLE_LOADER = "$(TEST_HOST)";
				CODE_SIGN_STYLE = Automatic;
				CURRENT_PROJECT_VERSION = 1;
				DEVELOPMENT_TEAM = 827H72CABH;
				GENERATE_INFOPLIST_FILE = YES;
				IPHONEOS_DEPLOYMENT_TARGET = 17.5;
				MARKETING_VERSION = 1.0;
				PRODUCT_BUNDLE_IDENTIFIER = "com.koichi.swiftui-tca-practiceTests";
				PRODUCT_NAME = "$(TARGET_NAME)";
				SWIFT_EMIT_LOC_STRINGS = NO;
				SWIFT_VERSION = 5.0;
				TARGETED_DEVICE_FAMILY = "1,2";
				TEST_HOST = "$(BUILT_PRODUCTS_DIR)/swiftui_tca_practice.app/$(BUNDLE_EXECUTABLE_FOLDER_PATH)/swiftui_tca_practice";
			};
			name = Release;
		};
		8AF41B652C1A571F00ADF011 /* Debug */ = {
			isa = XCBuildConfiguration;
			buildSettings = {
				ALWAYS_SEARCH_USER_PATHS = NO;
				ASSETCATALOG_COMPILER_GENERATE_SWIFT_ASSET_SYMBOL_EXTENSIONS = YES;
				CLANG_ANALYZER_NONNULL = YES;
				CLANG_ANALYZER_NUMBER_OBJECT_CONVERSION = YES_AGGRESSIVE;
				CLANG_CXX_LANGUAGE_STANDARD = "gnu++20";
				CLANG_ENABLE_MODULES = YES;
				CLANG_ENABLE_OBJC_ARC = YES;
				CLANG_ENABLE_OBJC_WEAK = YES;
				CLANG_WARN_BLOCK_CAPTURE_AUTORELEASING = YES;
				CLANG_WARN_BOOL_CONVERSION = YES;
				CLANG_WARN_COMMA = YES;
				CLANG_WARN_CONSTANT_CONVERSION = YES;
				CLANG_WARN_DEPRECATED_OBJC_IMPLEMENTATIONS = YES;
				CLANG_WARN_DIRECT_OBJC_ISA_USAGE = YES_ERROR;
				CLANG_WARN_DOCUMENTATION_COMMENTS = YES;
				CLANG_WARN_EMPTY_BODY = YES;
				CLANG_WARN_ENUM_CONVERSION = YES;
				CLANG_WARN_INFINITE_RECURSION = YES;
				CLANG_WARN_INT_CONVERSION = YES;
				CLANG_WARN_NON_LITERAL_NULL_CONVERSION = YES;
				CLANG_WARN_OBJC_IMPLICIT_RETAIN_SELF = YES;
				CLANG_WARN_OBJC_LITERAL_CONVERSION = YES;
				CLANG_WARN_OBJC_ROOT_CLASS = YES_ERROR;
				CLANG_WARN_QUOTED_INCLUDE_IN_FRAMEWORK_HEADER = YES;
				CLANG_WARN_RANGE_LOOP_ANALYSIS = YES;
				CLANG_WARN_STRICT_PROTOTYPES = YES;
				CLANG_WARN_SUSPICIOUS_MOVE = YES;
				CLANG_WARN_UNGUARDED_AVAILABILITY = YES_AGGRESSIVE;
				CLANG_WARN_UNREACHABLE_CODE = YES;
				CLANG_WARN__DUPLICATE_METHOD_MATCH = YES;
				COPY_PHASE_STRIP = NO;
				DEBUG_INFORMATION_FORMAT = dwarf;
				ENABLE_STRICT_OBJC_MSGSEND = YES;
				ENABLE_TESTABILITY = YES;
				ENABLE_USER_SCRIPT_SANDBOXING = YES;
				GCC_C_LANGUAGE_STANDARD = gnu17;
				GCC_DYNAMIC_NO_PIC = NO;
				GCC_NO_COMMON_BLOCKS = YES;
				GCC_OPTIMIZATION_LEVEL = 0;
				GCC_PREPROCESSOR_DEFINITIONS = (
					"DEBUG=1",
					"$(inherited)",
				);
				GCC_WARN_64_TO_32_BIT_CONVERSION = YES;
				GCC_WARN_ABOUT_RETURN_TYPE = YES_ERROR;
				GCC_WARN_UNDECLARED_SELECTOR = YES;
				GCC_WARN_UNINITIALIZED_AUTOS = YES_AGGRESSIVE;
				GCC_WARN_UNUSED_FUNCTION = YES;
				GCC_WARN_UNUSED_VARIABLE = YES;
				IPHONEOS_DEPLOYMENT_TARGET = 17.5;
				LOCALIZATION_PREFERS_STRING_CATALOGS = YES;
				MTL_ENABLE_DEBUG_INFO = INCLUDE_SOURCE;
				MTL_FAST_MATH = YES;
				ONLY_ACTIVE_ARCH = YES;
				SDKROOT = iphoneos;
				SWIFT_ACTIVE_COMPILATION_CONDITIONS = "DEBUG $(inherited)";
				SWIFT_OPTIMIZATION_LEVEL = "-Onone";
			};
			name = Debug;
		};
		8AF41B662C1A571F00ADF011 /* Release */ = {
			isa = XCBuildConfiguration;
			buildSettings = {
				ALWAYS_SEARCH_USER_PATHS = NO;
				ASSETCATALOG_COMPILER_GENERATE_SWIFT_ASSET_SYMBOL_EXTENSIONS = YES;
				CLANG_ANALYZER_NONNULL = YES;
				CLANG_ANALYZER_NUMBER_OBJECT_CONVERSION = YES_AGGRESSIVE;
				CLANG_CXX_LANGUAGE_STANDARD = "gnu++20";
				CLANG_ENABLE_MODULES = YES;
				CLANG_ENABLE_OBJC_ARC = YES;
				CLANG_ENABLE_OBJC_WEAK = YES;
				CLANG_WARN_BLOCK_CAPTURE_AUTORELEASING = YES;
				CLANG_WARN_BOOL_CONVERSION = YES;
				CLANG_WARN_COMMA = YES;
				CLANG_WARN_CONSTANT_CONVERSION = YES;
				CLANG_WARN_DEPRECATED_OBJC_IMPLEMENTATIONS = YES;
				CLANG_WARN_DIRECT_OBJC_ISA_USAGE = YES_ERROR;
				CLANG_WARN_DOCUMENTATION_COMMENTS = YES;
				CLANG_WARN_EMPTY_BODY = YES;
				CLANG_WARN_ENUM_CONVERSION = YES;
				CLANG_WARN_INFINITE_RECURSION = YES;
				CLANG_WARN_INT_CONVERSION = YES;
				CLANG_WARN_NON_LITERAL_NULL_CONVERSION = YES;
				CLANG_WARN_OBJC_IMPLICIT_RETAIN_SELF = YES;
				CLANG_WARN_OBJC_LITERAL_CONVERSION = YES;
				CLANG_WARN_OBJC_ROOT_CLASS = YES_ERROR;
				CLANG_WARN_QUOTED_INCLUDE_IN_FRAMEWORK_HEADER = YES;
				CLANG_WARN_RANGE_LOOP_ANALYSIS = YES;
				CLANG_WARN_STRICT_PROTOTYPES = YES;
				CLANG_WARN_SUSPICIOUS_MOVE = YES;
				CLANG_WARN_UNGUARDED_AVAILABILITY = YES_AGGRESSIVE;
				CLANG_WARN_UNREACHABLE_CODE = YES;
				CLANG_WARN__DUPLICATE_METHOD_MATCH = YES;
				COPY_PHASE_STRIP = NO;
				DEBUG_INFORMATION_FORMAT = "dwarf-with-dsym";
				ENABLE_NS_ASSERTIONS = NO;
				ENABLE_STRICT_OBJC_MSGSEND = YES;
				ENABLE_USER_SCRIPT_SANDBOXING = YES;
				GCC_C_LANGUAGE_STANDARD = gnu17;
				GCC_NO_COMMON_BLOCKS = YES;
				GCC_WARN_64_TO_32_BIT_CONVERSION = YES;
				GCC_WARN_ABOUT_RETURN_TYPE = YES_ERROR;
				GCC_WARN_UNDECLARED_SELECTOR = YES;
				GCC_WARN_UNINITIALIZED_AUTOS = YES_AGGRESSIVE;
				GCC_WARN_UNUSED_FUNCTION = YES;
				GCC_WARN_UNUSED_VARIABLE = YES;
				IPHONEOS_DEPLOYMENT_TARGET = 17.5;
				LOCALIZATION_PREFERS_STRING_CATALOGS = YES;
				MTL_ENABLE_DEBUG_INFO = NO;
				MTL_FAST_MATH = YES;
				SDKROOT = iphoneos;
				SWIFT_COMPILATION_MODE = wholemodule;
				VALIDATE_PRODUCT = YES;
			};
			name = Release;
		};
		8AF41B682C1A571F00ADF011 /* Debug */ = {
			isa = XCBuildConfiguration;
			buildSettings = {
				ASSETCATALOG_COMPILER_APPICON_NAME = AppIcon;
				ASSETCATALOG_COMPILER_GLOBAL_ACCENT_COLOR_NAME = AccentColor;
				CODE_SIGN_STYLE = Automatic;
				CURRENT_PROJECT_VERSION = 1;
				DEVELOPMENT_ASSET_PATHS = "\"swiftui_tca_practice/Preview Content\"";
				DEVELOPMENT_TEAM = 827H72CABH;
				ENABLE_PREVIEWS = YES;
				GENERATE_INFOPLIST_FILE = YES;
				INFOPLIST_FILE = "swiftui-tca-practice-Info.plist";
				INFOPLIST_KEY_UIApplicationSceneManifest_Generation = YES;
				INFOPLIST_KEY_UIApplicationSupportsIndirectInputEvents = YES;
				INFOPLIST_KEY_UILaunchScreen_Generation = YES;
				INFOPLIST_KEY_UISupportedInterfaceOrientations_iPad = "UIInterfaceOrientationPortrait UIInterfaceOrientationPortraitUpsideDown UIInterfaceOrientationLandscapeLeft UIInterfaceOrientationLandscapeRight";
				INFOPLIST_KEY_UISupportedInterfaceOrientations_iPhone = "UIInterfaceOrientationPortrait UIInterfaceOrientationLandscapeLeft UIInterfaceOrientationLandscapeRight";
				LD_RUNPATH_SEARCH_PATHS = (
					"$(inherited)",
					"@executable_path/Frameworks",
				);
				MARKETING_VERSION = 1.0;
				PRODUCT_BUNDLE_IDENTIFIER = "com.koichi.swiftui-tca-practice";
				PRODUCT_NAME = "$(TARGET_NAME)";
				SWIFT_EMIT_LOC_STRINGS = YES;
				SWIFT_VERSION = 5.0;
				TARGETED_DEVICE_FAMILY = "1,2";
			};
			name = Debug;
		};
		8AF41B692C1A571F00ADF011 /* Release */ = {
			isa = XCBuildConfiguration;
			buildSettings = {
				ASSETCATALOG_COMPILER_APPICON_NAME = AppIcon;
				ASSETCATALOG_COMPILER_GLOBAL_ACCENT_COLOR_NAME = AccentColor;
				CODE_SIGN_STYLE = Automatic;
				CURRENT_PROJECT_VERSION = 1;
				DEVELOPMENT_ASSET_PATHS = "\"swiftui_tca_practice/Preview Content\"";
				DEVELOPMENT_TEAM = 827H72CABH;
				ENABLE_PREVIEWS = YES;
				GENERATE_INFOPLIST_FILE = YES;
				INFOPLIST_FILE = "swiftui-tca-practice-Info.plist";
				INFOPLIST_KEY_UIApplicationSceneManifest_Generation = YES;
				INFOPLIST_KEY_UIApplicationSupportsIndirectInputEvents = YES;
				INFOPLIST_KEY_UILaunchScreen_Generation = YES;
				INFOPLIST_KEY_UISupportedInterfaceOrientations_iPad = "UIInterfaceOrientationPortrait UIInterfaceOrientationPortraitUpsideDown UIInterfaceOrientationLandscapeLeft UIInterfaceOrientationLandscapeRight";
				INFOPLIST_KEY_UISupportedInterfaceOrientations_iPhone = "UIInterfaceOrientationPortrait UIInterfaceOrientationLandscapeLeft UIInterfaceOrientationLandscapeRight";
				LD_RUNPATH_SEARCH_PATHS = (
					"$(inherited)",
					"@executable_path/Frameworks",
				);
				MARKETING_VERSION = 1.0;
				PRODUCT_BUNDLE_IDENTIFIER = "com.koichi.swiftui-tca-practice";
				PRODUCT_NAME = "$(TARGET_NAME)";
				SWIFT_EMIT_LOC_STRINGS = YES;
				SWIFT_VERSION = 5.0;
				TARGETED_DEVICE_FAMILY = "1,2";
			};
			name = Release;
		};
/* End XCBuildConfiguration section */

/* Begin XCConfigurationList section */
		8AEDAAC62C22DE8800485003 /* Build configuration list for PBXNativeTarget "swiftui_tca_practiceTests" */ = {
			isa = XCConfigurationList;
			buildConfigurations = (
				8AEDAAC72C22DE8800485003 /* Debug */,
				8AEDAAC82C22DE8800485003 /* Release */,
			);
			defaultConfigurationIsVisible = 0;
			defaultConfigurationName = Release;
		};
		8AF41B542C1A571B00ADF011 /* Build configuration list for PBXProject "swiftui_tca_practice" */ = {
			isa = XCConfigurationList;
			buildConfigurations = (
				8AF41B652C1A571F00ADF011 /* Debug */,
				8AF41B662C1A571F00ADF011 /* Release */,
			);
			defaultConfigurationIsVisible = 0;
			defaultConfigurationName = Release;
		};
		8AF41B672C1A571F00ADF011 /* Build configuration list for PBXNativeTarget "swiftui_tca_practice" */ = {
			isa = XCConfigurationList;
			buildConfigurations = (
				8AF41B682C1A571F00ADF011 /* Debug */,
				8AF41B692C1A571F00ADF011 /* Release */,
			);
			defaultConfigurationIsVisible = 0;
			defaultConfigurationName = Release;
		};
/* End XCConfigurationList section */

/* Begin XCRemoteSwiftPackageReference section */
		8AF41B6A2C1B9F5000ADF011 /* XCRemoteSwiftPackageReference "swift-composable-architecture" */ = {
			isa = XCRemoteSwiftPackageReference;
			repositoryURL = "https://github.com/pointfreeco/swift-composable-architecture";
			requirement = {
				kind = upToNextMajorVersion;
				minimumVersion = 1.11.1;
			};
		};
/* End XCRemoteSwiftPackageReference section */

/* Begin XCSwiftPackageProductDependency section */
		8AF41B6B2C1B9F5000ADF011 /* ComposableArchitecture */ = {
			isa = XCSwiftPackageProductDependency;
			package = 8AF41B6A2C1B9F5000ADF011 /* XCRemoteSwiftPackageReference "swift-composable-architecture" */;
			productName = ComposableArchitecture;
		};
/* End XCSwiftPackageProductDependency section */
	};
	rootObject = 8AF41B512C1A571B00ADF011 /* Project object */;
}
